
Microsoft Visual Studio Solution File, Format Version 12.00
# Visual Studio 2013
VisualStudioVersion = 12.0.31101.0
MinimumVisualStudioVersion = 10.0.40219.1
Project("{FAE04EC0-301F-11D3-BF4B-00C04F79EFBC}") = "Open-XML-SDK-SIP", "Open-XML-SDK-SIP.csproj", "{E5D39C6A-9067-477E-B0D3-A9419B86E6E5}"
EndProject
Project("{FAE04EC0-301F-11D3-BF4B-00C04F79EFBC}") = "System.IO.Packaging", "..\System-IO-Packaging\System.IO.Packaging\System.IO.Packaging.csproj", "{A226CF92-AD34-4E4C-8C32-5CFDFACBBDA8}"
EndProject
Global
	GlobalSection(SolutionConfigurationPlatforms) = preSolution
		Debug|Any CPU = Debug|Any CPU
		Release|Any CPU = Release|Any CPU
	EndGlobalSection
	GlobalSection(ProjectConfigurationPlatforms) = postSolution
		{E5D39C6A-9067-477E-B0D3-A9419B86E6E5}.Debug|Any CPU.ActiveCfg = Debug|Any CPU
		{E5D39C6A-9067-477E-B0D3-A9419B86E6E5}.Debug|Any CPU.Build.0 = Debug|Any CPU
		{E5D39C6A-9067-477E-B0D3-A9419B86E6E5}.Release|Any CPU.ActiveCfg = Release|Any CPU
		{E5D39C6A-9067-477E-B0D3-A9419B86E6E5}.Release|Any CPU.Build.0 = Release|Any CPU
		{A226CF92-AD34-4E4C-8C32-5CFDFACBBDA8}.Debug|Any CPU.ActiveCfg = Debug|Any CPU
		{A226CF92-AD34-4E4C-8C32-5CFDFACBBDA8}.Debug|Any CPU.Build.0 = Debug|Any CPU
		{A226CF92-AD34-4E4C-8C32-5CFDFACBBDA8}.Release|Any CPU.ActiveCfg = Release|Any CPU
		{A226CF92-AD34-4E4C-8C32-5CFDFACBBDA8}.Release|Any CPU.Build.0 = Release|Any CPU
	EndGlobalSection
	GlobalSection(SolutionProperties) = preSolution
		HideSolutionNode = FALSE
	EndGlobalSection
EndGlobal
