
Microsoft Visual Studio Solution File, Format Version 12.00
# Visual Studio 14
VisualStudioVersion = 14.0.25420.1
MinimumVisualStudioVersion = 10.0.40219.1
Project("{8BB2217D-0F2D-49D1-97BC-3654ED321F3B}") = "DocumentFormat.OpenXml", "DocumentFormat.OpenXml\DocumentFormat.OpenXml.xproj", "{16941A4A-F8DE-4C8D-BA2B-3C0774848D4B}"
EndProject
Project("{8BB2217D-0F2D-49D1-97BC-3654ED321F3B}") = "DocumentFormat.OpenXml.Tests", "DocumentFormat.OpenXml.Tests\DocumentFormat.OpenXml.Tests.xproj", "{B92240AF-6E87-4428-9C5A-371178A04E5B}"
EndProject
Project("{8BB2217D-0F2D-49D1-97BC-3654ED321F3B}") = "BinaryFormatConverter", "BinaryFormatConverter\BinaryFormatConverter.xproj", "{E97A956D-8113-45B6-9002-2ED651A6CD6C}"
EndProject
Global
	GlobalSection(SolutionConfigurationPlatforms) = preSolution
		Debug|Any CPU = Debug|Any CPU
		Release|Any CPU = Release|Any CPU
	EndGlobalSection
	GlobalSection(ProjectConfigurationPlatforms) = postSolution
		{16941A4A-F8DE-4C8D-BA2B-3C0774848D4B}.Debug|Any CPU.ActiveCfg = Debug|Any CPU
		{16941A4A-F8DE-4C8D-BA2B-3C0774848D4B}.Debug|Any CPU.Build.0 = Debug|Any CPU
		{16941A4A-F8DE-4C8D-BA2B-3C0774848D4B}.Release|Any CPU.ActiveCfg = Release|Any CPU
		{16941A4A-F8DE-4C8D-BA2B-3C0774848D4B}.Release|Any CPU.Build.0 = Release|Any CPU
		{B92240AF-6E87-4428-9C5A-371178A04E5B}.Debug|Any CPU.ActiveCfg = Debug|Any CPU
		{B92240AF-6E87-4428-9C5A-371178A04E5B}.Debug|Any CPU.Build.0 = Debug|Any CPU
		{B92240AF-6E87-4428-9C5A-371178A04E5B}.Release|Any CPU.ActiveCfg = Release|Any CPU
		{B92240AF-6E87-4428-9C5A-371178A04E5B}.Release|Any CPU.Build.0 = Release|Any CPU
		{E97A956D-8113-45B6-9002-2ED651A6CD6C}.Debug|Any CPU.ActiveCfg = Debug|Any CPU
		{E97A956D-8113-45B6-9002-2ED651A6CD6C}.Debug|Any CPU.Build.0 = Debug|Any CPU
		{E97A956D-8113-45B6-9002-2ED651A6CD6C}.Release|Any CPU.ActiveCfg = Release|Any CPU
		{E97A956D-8113-45B6-9002-2ED651A6CD6C}.Release|Any CPU.Build.0 = Release|Any CPU
	EndGlobalSection
	GlobalSection(SolutionProperties) = preSolution
		HideSolutionNode = FALSE
	EndGlobalSection
EndGlobal
