
Microsoft Visual Studio Solution File, Format Version 12.00
# Visual Studio 2013
VisualStudioVersion = 12.0.21005.1
MinimumVisualStudioVersion = 10.0.40219.1
Project("{2150E333-8FDC-42A3-9474-1A3956D46DE8}") = ".nuget", ".nuget", "{E43CE613-45B8-4FFC-AE29-3876ABD68244}"
	ProjectSection(SolutionItems) = preProject
		.nuget\packages.config = .nuget\packages.config
	EndProjectSection
EndProject
Project("{FAE04EC0-301F-11D3-BF4B-00C04F79EFBC}") = "System.IO.Packaging.64", "System.IO.Packaging.64\System.IO.Packaging.64.csproj", "{408BD919-34B1-4C9B-BE5C-B50A7447C464}"
EndProject
Project("{FAE04EC0-301F-11D3-BF4B-00C04F79EFBC}") = "System.IO.Packaging.Tests.64", "System.IO.Packaging.Tests.64\System.IO.Packaging.Tests.64.csproj", "{885A1028-5BA8-45AB-8148-CF1F95C4F9A6}"
EndProject
Project("{FAE04EC0-301F-11D3-BF4B-00C04F79EFBC}") = "DocumentFormat.OpenXml.64", "DocumentFormat.OpenXml.64\DocumentFormat.OpenXml.64.csproj", "{7F015B71-90F3-45AC-9790-BF5B2323E807}"
EndProject
Project("{FAE04EC0-301F-11D3-BF4B-00C04F79EFBC}") = "DocumentFormat.OpenXml.Tests.64", "DocumentFormat.OpenXml.Tests.64\DocumentFormat.OpenXml.Tests.64.csproj", "{3C38F156-892A-4870-ACF9-C73F9C45B0B6}"
EndProject
Global
	GlobalSection(SolutionConfigurationPlatforms) = preSolution
		Debug|Any CPU = Debug|Any CPU
		Release|Any CPU = Release|Any CPU
	EndGlobalSection
	GlobalSection(ProjectConfigurationPlatforms) = postSolution
		{408BD919-34B1-4C9B-BE5C-B50A7447C464}.Debug|Any CPU.ActiveCfg = Debug|Any CPU
		{408BD919-34B1-4C9B-BE5C-B50A7447C464}.Debug|Any CPU.Build.0 = Debug|Any CPU
		{408BD919-34B1-4C9B-BE5C-B50A7447C464}.Release|Any CPU.ActiveCfg = Release|Any CPU
		{408BD919-34B1-4C9B-BE5C-B50A7447C464}.Release|Any CPU.Build.0 = Release|Any CPU
		{885A1028-5BA8-45AB-8148-CF1F95C4F9A6}.Debug|Any CPU.ActiveCfg = Debug|Any CPU
		{885A1028-5BA8-45AB-8148-CF1F95C4F9A6}.Debug|Any CPU.Build.0 = Debug|Any CPU
		{885A1028-5BA8-45AB-8148-CF1F95C4F9A6}.Release|Any CPU.ActiveCfg = Release|Any CPU
		{885A1028-5BA8-45AB-8148-CF1F95C4F9A6}.Release|Any CPU.Build.0 = Release|Any CPU
		{7F015B71-90F3-45AC-9790-BF5B2323E807}.Debug|Any CPU.ActiveCfg = Debug|Any CPU
		{7F015B71-90F3-45AC-9790-BF5B2323E807}.Debug|Any CPU.Build.0 = Debug|Any CPU
		{7F015B71-90F3-45AC-9790-BF5B2323E807}.Release|Any CPU.ActiveCfg = Release|Any CPU
		{7F015B71-90F3-45AC-9790-BF5B2323E807}.Release|Any CPU.Build.0 = Release|Any CPU
		{3C38F156-892A-4870-ACF9-C73F9C45B0B6}.Debug|Any CPU.ActiveCfg = Debug|Any CPU
		{3C38F156-892A-4870-ACF9-C73F9C45B0B6}.Debug|Any CPU.Build.0 = Debug|Any CPU
		{3C38F156-892A-4870-ACF9-C73F9C45B0B6}.Release|Any CPU.ActiveCfg = Release|Any CPU
		{3C38F156-892A-4870-ACF9-C73F9C45B0B6}.Release|Any CPU.Build.0 = Release|Any CPU
	EndGlobalSection
	GlobalSection(SolutionProperties) = preSolution
		HideSolutionNode = FALSE
	EndGlobalSection
EndGlobal
