
Microsoft Visual Studio Solution File, Format Version 12.00
# Visual Studio 2013
VisualStudioVersion = 12.0.21005.1
MinimumVisualStudioVersion = 10.0.40219.1
Project("{FAE04EC0-301F-11D3-BF4B-00C04F79EFBC}") = "DocumentFormat.OpenXml-Orig-SIP", "DocumentFormat.OpenXml\DocumentFormat.OpenXml-Orig-SIP.csproj", "{55FB0A8A-B816-4DC9-9BB4-4DB5B5950F5A}"
EndProject
Project("{FAE04EC0-301F-11D3-BF4B-00C04F79EFBC}") = "DocumentFormat.OpenXml.Tests-Orig-SIP", "DocumentFormat.OpenXml.Tests\DocumentFormat.OpenXml.Tests-Orig-SIP.csproj", "{CFC3F992-E450-4D7F-9ADB-22212AAC650A}"
EndProject
Global
	GlobalSection(SolutionConfigurationPlatforms) = preSolution
		Debug|Any CPU = Debug|Any CPU
		Release|Any CPU = Release|Any CPU
	EndGlobalSection
	GlobalSection(ProjectConfigurationPlatforms) = postSolution
		{55FB0A8A-B816-4DC9-9BB4-4DB5B5950F5A}.Debug|Any CPU.ActiveCfg = Debug|Any CPU
		{55FB0A8A-B816-4DC9-9BB4-4DB5B5950F5A}.Debug|Any CPU.Build.0 = Debug|Any CPU
		{55FB0A8A-B816-4DC9-9BB4-4DB5B5950F5A}.Release|Any CPU.ActiveCfg = Release|Any CPU
		{55FB0A8A-B816-4DC9-9BB4-4DB5B5950F5A}.Release|Any CPU.Build.0 = Release|Any CPU
		{CFC3F992-E450-4D7F-9ADB-22212AAC650A}.Debug|Any CPU.ActiveCfg = Debug|Any CPU
		{CFC3F992-E450-4D7F-9ADB-22212AAC650A}.Debug|Any CPU.Build.0 = Debug|Any CPU
		{CFC3F992-E450-4D7F-9ADB-22212AAC650A}.Release|Any CPU.ActiveCfg = Release|Any CPU
		{CFC3F992-E450-4D7F-9ADB-22212AAC650A}.Release|Any CPU.Build.0 = Release|Any CPU
	EndGlobalSection
	GlobalSection(SolutionProperties) = preSolution
		HideSolutionNode = FALSE
	EndGlobalSection
EndGlobal
