
Microsoft Visual Studio Solution File, Format Version 12.00
# Visual Studio Version 17
VisualStudioVersion = 17.5.002.0
MinimumVisualStudioVersion = 10.0.40219.1
Project("{9A19103F-16F7-4668-BE54-9A1E7A4F7556}") = "DocumentFormat.OpenXml.Framework", "DocumentFormat.OpenXml.Framework.csproj", "{D284501F-7628-49B9-86AD-C5135A758261}"
EndProject
Global
	GlobalSection(SolutionConfigurationPlatforms) = preSolution
		Debug|Any CPU = Debug|Any CPU
		Release|Any CPU = Release|Any CPU
	EndGlobalSection
	GlobalSection(ProjectConfigurationPlatforms) = postSolution
		{D284501F-7628-49B9-86AD-C5135A758261}.Debug|Any CPU.ActiveCfg = Debug|Any CPU
		{D284501F-7628-49B9-86AD-C5135A758261}.Debug|Any CPU.Build.0 = Debug|Any CPU
		{D284501F-7628-49B9-86AD-C5135A758261}.Release|Any CPU.ActiveCfg = Release|Any CPU
		{D284501F-7628-49B9-86AD-C5135A758261}.Release|Any CPU.Build.0 = Release|Any CPU
	EndGlobalSection
	GlobalSection(SolutionProperties) = preSolution
		HideSolutionNode = FALSE
	EndGlobalSection
	GlobalSection(ExtensibilityGlobals) = postSolution
		SolutionGuid = {AB0C7736-252F-4BD9-A333-E2C7D8F097DA}
	EndGlobalSection
EndGlobal
