
Microsoft Visual Studio Solution File, Format Version 12.00
# Visual Studio 2013
VisualStudioVersion = 12.0.21005.1
MinimumVisualStudioVersion = 10.0.40219.1
Project("{FAE04EC0-301F-11D3-BF4B-00C04F79EFBC}") = "System.IO.Packaging", "System.IO.Packaging.csproj", "{4C88A3AD-1241-4A04-854B-8372DF29828D}"
EndProject
Project("{FAE04EC0-301F-11D3-BF4B-00C04F79EFBC}") = "Tests", "Tests\Tests.csproj", "{78E2D77F-FCA9-4809-BB75-0AC76DF9B95D}"
EndProject
Global
	GlobalSection(SolutionConfigurationPlatforms) = preSolution
		Debug|Any CPU = Debug|Any CPU
		Release|Any CPU = Release|Any CPU
	EndGlobalSection
	GlobalSection(ProjectConfigurationPlatforms) = postSolution
		{4C88A3AD-1241-4A04-854B-8372DF29828D}.Debug|Any CPU.ActiveCfg = Debug|Any CPU
		{4C88A3AD-1241-4A04-854B-8372DF29828D}.Debug|Any CPU.Build.0 = Debug|Any CPU
		{4C88A3AD-1241-4A04-854B-8372DF29828D}.Release|Any CPU.ActiveCfg = Release|Any CPU
		{4C88A3AD-1241-4A04-854B-8372DF29828D}.Release|Any CPU.Build.0 = Release|Any CPU
		{78E2D77F-FCA9-4809-BB75-0AC76DF9B95D}.Debug|Any CPU.ActiveCfg = Debug|Any CPU
		{78E2D77F-FCA9-4809-BB75-0AC76DF9B95D}.Debug|Any CPU.Build.0 = Debug|Any CPU
		{78E2D77F-FCA9-4809-BB75-0AC76DF9B95D}.Release|Any CPU.ActiveCfg = Release|Any CPU
		{78E2D77F-FCA9-4809-BB75-0AC76DF9B95D}.Release|Any CPU.Build.0 = Release|Any CPU
	EndGlobalSection
	GlobalSection(SolutionProperties) = preSolution
		HideSolutionNode = FALSE
	EndGlobalSection
EndGlobal
