
Microsoft Visual Studio Solution File, Format Version 12.00
# Visual Studio Version 17
VisualStudioVersion = 17.11.35118.90
MinimumVisualStudioVersion = 10.0.40219.1
Project("{FAE04EC0-301F-11D3-BF4B-00C04F79EFBC}") = "OpenXMLEditor", "OpenXMLEditor.csproj", "{232D3565-0EAE-480E-B2DE-CE58A7F660E3}"
EndProject
Project("{FAE04EC0-301F-11D3-BF4B-00C04F79EFBC}") = "Modernize", "..\Modernize\Modernize.csproj", "{A73193B5-6AC2-4F4D-81EA-026DE201156B}"
EndProject
Global
	GlobalSection(SolutionConfigurationPlatforms) = preSolution
		Debug|Any CPU = Debug|Any CPU
		Debug|arm64 = Debug|arm64
		Debug|x86 = Debug|x86
		Debug2015|Any CPU = Debug2015|Any CPU
		Debug2015|arm64 = Debug2015|arm64
		Debug2015|x86 = Debug2015|x86
		Release|Any CPU = Release|Any CPU
		Release|arm64 = Release|arm64
		Release|x86 = Release|x86
	EndGlobalSection
	GlobalSection(ProjectConfigurationPlatforms) = postSolution
		{232D3565-0EAE-480E-B2DE-CE58A7F660E3}.Debug|Any CPU.ActiveCfg = Debug|Any CPU
		{232D3565-0EAE-480E-B2DE-CE58A7F660E3}.Debug|Any CPU.Build.0 = Debug|Any CPU
		{232D3565-0EAE-480E-B2DE-CE58A7F660E3}.Debug|arm64.ActiveCfg = Debug|arm64
		{232D3565-0EAE-480E-B2DE-CE58A7F660E3}.Debug|arm64.Build.0 = Debug|arm64
		{232D3565-0EAE-480E-B2DE-CE58A7F660E3}.Debug|x86.ActiveCfg = Debug|x86
		{232D3565-0EAE-480E-B2DE-CE58A7F660E3}.Debug|x86.Build.0 = Debug|x86
		{232D3565-0EAE-480E-B2DE-CE58A7F660E3}.Debug2015|Any CPU.ActiveCfg = Debug2015|Any CPU
		{232D3565-0EAE-480E-B2DE-CE58A7F660E3}.Debug2015|Any CPU.Build.0 = Debug2015|Any CPU
		{232D3565-0EAE-480E-B2DE-CE58A7F660E3}.Debug2015|arm64.ActiveCfg = Debug2015|arm64
		{232D3565-0EAE-480E-B2DE-CE58A7F660E3}.Debug2015|arm64.Build.0 = Debug2015|arm64
		{232D3565-0EAE-480E-B2DE-CE58A7F660E3}.Debug2015|x86.ActiveCfg = Debug2015|x86
		{232D3565-0EAE-480E-B2DE-CE58A7F660E3}.Debug2015|x86.Build.0 = Debug2015|x86
		{232D3565-0EAE-480E-B2DE-CE58A7F660E3}.Release|Any CPU.ActiveCfg = Release|Any CPU
		{232D3565-0EAE-480E-B2DE-CE58A7F660E3}.Release|Any CPU.Build.0 = Release|Any CPU
		{232D3565-0EAE-480E-B2DE-CE58A7F660E3}.Release|arm64.ActiveCfg = Release|arm64
		{232D3565-0EAE-480E-B2DE-CE58A7F660E3}.Release|arm64.Build.0 = Release|arm64
		{232D3565-0EAE-480E-B2DE-CE58A7F660E3}.Release|x86.ActiveCfg = Release|x86
		{232D3565-0EAE-480E-B2DE-CE58A7F660E3}.Release|x86.Build.0 = Release|x86
		{A73193B5-6AC2-4F4D-81EA-026DE201156B}.Debug|Any CPU.ActiveCfg = Debug|Any CPU
		{A73193B5-6AC2-4F4D-81EA-026DE201156B}.Debug|Any CPU.Build.0 = Debug|Any CPU
		{A73193B5-6AC2-4F4D-81EA-026DE201156B}.Debug|arm64.ActiveCfg = Debug|arm64
		{A73193B5-6AC2-4F4D-81EA-026DE201156B}.Debug|arm64.Build.0 = Debug|arm64
		{A73193B5-6AC2-4F4D-81EA-026DE201156B}.Debug|x86.ActiveCfg = Debug|x86
		{A73193B5-6AC2-4F4D-81EA-026DE201156B}.Debug|x86.Build.0 = Debug|x86
		{A73193B5-6AC2-4F4D-81EA-026DE201156B}.Debug2015|Any CPU.ActiveCfg = Debug|Any CPU
		{A73193B5-6AC2-4F4D-81EA-026DE201156B}.Debug2015|Any CPU.Build.0 = Debug|Any CPU
		{A73193B5-6AC2-4F4D-81EA-026DE201156B}.Debug2015|arm64.ActiveCfg = Debug|arm64
		{A73193B5-6AC2-4F4D-81EA-026DE201156B}.Debug2015|arm64.Build.0 = Debug|arm64
		{A73193B5-6AC2-4F4D-81EA-026DE201156B}.Debug2015|x86.ActiveCfg = Debug|x86
		{A73193B5-6AC2-4F4D-81EA-026DE201156B}.Debug2015|x86.Build.0 = Debug|x86
		{A73193B5-6AC2-4F4D-81EA-026DE201156B}.Release|Any CPU.ActiveCfg = Release|Any CPU
		{A73193B5-6AC2-4F4D-81EA-026DE201156B}.Release|Any CPU.Build.0 = Release|Any CPU
		{A73193B5-6AC2-4F4D-81EA-026DE201156B}.Release|arm64.ActiveCfg = Release|arm64
		{A73193B5-6AC2-4F4D-81EA-026DE201156B}.Release|arm64.Build.0 = Release|arm64
		{A73193B5-6AC2-4F4D-81EA-026DE201156B}.Release|x86.ActiveCfg = Release|x86
		{A73193B5-6AC2-4F4D-81EA-026DE201156B}.Release|x86.Build.0 = Release|x86
	EndGlobalSection
	GlobalSection(SolutionProperties) = preSolution
		HideSolutionNode = FALSE
	EndGlobalSection
EndGlobal
